
Microsoft Visual Studio Solution File, Format Version 12.00
Project("{FAE04EC0-301F-11D3-BF4B-00C04F79EFBC}") = "Shop.Application", "src\Shop.Application\Shop.Application.csproj", "{9BFBA2E0-7BDD-4144-BFD9-86F013A0C8DC}"
EndProject
Project("{FAE04EC0-301F-11D3-BF4B-00C04F79EFBC}") = "Shop.Infrastructure", "src\Shop.Infrastructure\Shop.Infrastructure.csproj", "{694BB38A-F6A5-4ABB-B397-0510A8323C83}"
EndProject
Project("{2150E333-8FDC-42A3-9474-1A3956D46DE8}") = "Solution Files", "Solution Files", "{E445958B-29DE-4E13-92AC-5C753129694F}"
	ProjectSection(SolutionItems) = preProject
		.editorconfig = .editorconfig
		docker-compose.yml = docker-compose.yml
		README.md = README.md
	EndProjectSection
EndProject
Global
	GlobalSection(SolutionConfigurationPlatforms) = preSolution
		Debug|Any CPU = Debug|Any CPU
		Release|Any CPU = Release|Any CPU
	EndGlobalSection
	GlobalSection(ProjectConfigurationPlatforms) = postSolution
		{9BFBA2E0-7BDD-4144-BFD9-86F013A0C8DC}.Debug|Any CPU.ActiveCfg = Debug|Any CPU
		{9BFBA2E0-7BDD-4144-BFD9-86F013A0C8DC}.Debug|Any CPU.Build.0 = Debug|Any CPU
		{9BFBA2E0-7BDD-4144-BFD9-86F013A0C8DC}.Release|Any CPU.ActiveCfg = Release|Any CPU
		{9BFBA2E0-7BDD-4144-BFD9-86F013A0C8DC}.Release|Any CPU.Build.0 = Release|Any CPU
		{694BB38A-F6A5-4ABB-B397-0510A8323C83}.Debug|Any CPU.ActiveCfg = Debug|Any CPU
		{694BB38A-F6A5-4ABB-B397-0510A8323C83}.Debug|Any CPU.Build.0 = Debug|Any CPU
		{694BB38A-F6A5-4ABB-B397-0510A8323C83}.Release|Any CPU.ActiveCfg = Release|Any CPU
		{694BB38A-F6A5-4ABB-B397-0510A8323C83}.Release|Any CPU.Build.0 = Release|Any CPU
	EndGlobalSection
EndGlobal
